
Microsoft Visual Studio Solution File, Format Version 12.00
# Visual Studio 15
VisualStudioVersion = 15.0.27130.2020
MinimumVisualStudioVersion = 10.0.40219.1
Project("{FAE04EC0-301F-11D3-BF4B-00C04F79EFBC}") = "FirebaseSharp", "FirebaseSharp.csproj", "{6AFBD02E-7C83-41B5-BD1A-FE04A86416CD}"
EndProject
Project("{FAE04EC0-301F-11D3-BF4B-00C04F79EFBC}") = "ClassLibrary4", "..\ClassLibrary4\ClassLibrary4.csproj", "{56132AE3-9510-4FDE-9407-3BFB65105861}"
EndProject
Global
	GlobalSection(SolutionConfigurationPlatforms) = preSolution
		Debug|Any CPU = Debug|Any CPU
		Release|Any CPU = Release|Any CPU
	EndGlobalSection
	GlobalSection(ProjectConfigurationPlatforms) = postSolution
		{6AFBD02E-7C83-41B5-BD1A-FE04A86416CD}.Debug|Any CPU.ActiveCfg = Debug|Any CPU
		{6AFBD02E-7C83-41B5-BD1A-FE04A86416CD}.Debug|Any CPU.Build.0 = Debug|Any CPU
		{6AFBD02E-7C83-41B5-BD1A-FE04A86416CD}.Release|Any CPU.ActiveCfg = Release|Any CPU
		{6AFBD02E-7C83-41B5-BD1A-FE04A86416CD}.Release|Any CPU.Build.0 = Release|Any CPU
		{56132AE3-9510-4FDE-9407-3BFB65105861}.Debug|Any CPU.ActiveCfg = Debug|Any CPU
		{56132AE3-9510-4FDE-9407-3BFB65105861}.Debug|Any CPU.Build.0 = Debug|Any CPU
		{56132AE3-9510-4FDE-9407-3BFB65105861}.Release|Any CPU.ActiveCfg = Release|Any CPU
		{56132AE3-9510-4FDE-9407-3BFB65105861}.Release|Any CPU.Build.0 = Release|Any CPU
	EndGlobalSection
	GlobalSection(SolutionProperties) = preSolution
		HideSolutionNode = FALSE
	EndGlobalSection
	GlobalSection(ExtensibilityGlobals) = postSolution
		SolutionGuid = {8B944329-D24F-402A-95F3-ECE1EA24F9BC}
	EndGlobalSection
EndGlobal
